
Microsoft Visual Studio Solution File, Format Version 12.00
# Visual Studio Version 16
VisualStudioVersion = 16.0.30002.166
MinimumVisualStudioVersion = 10.0.40219.1
Project("{FAE04EC0-301F-11D3-BF4B-00C04F79EFBC}") = "CalculationBytes.Android", "CalculationBytes\CalculationBytes.Android\CalculationBytes.Android.csproj", "{D9D65001-BD40-4E02-AE15-7F152EB831EF}"
EndProject
Project("{FAE04EC0-301F-11D3-BF4B-00C04F79EFBC}") = "CalculationBytes", "CalculationBytes\CalculationBytes\CalculationBytes.csproj", "{4C61197F-C29D-4888-B3CE-791157D531EE}"
EndProject
Global
	GlobalSection(SolutionConfigurationPlatforms) = preSolution
		Debug|Any CPU = Debug|Any CPU
		Release|Any CPU = Release|Any CPU
	EndGlobalSection
	GlobalSection(ProjectConfigurationPlatforms) = postSolution
		{D9D65001-BD40-4E02-AE15-7F152EB831EF}.Debug|Any CPU.ActiveCfg = Debug|Any CPU
		{D9D65001-BD40-4E02-AE15-7F152EB831EF}.Debug|Any CPU.Build.0 = Debug|Any CPU
		{D9D65001-BD40-4E02-AE15-7F152EB831EF}.Debug|Any CPU.Deploy.0 = Debug|Any CPU
		{D9D65001-BD40-4E02-AE15-7F152EB831EF}.Release|Any CPU.ActiveCfg = Release|Any CPU
		{D9D65001-BD40-4E02-AE15-7F152EB831EF}.Release|Any CPU.Build.0 = Release|Any CPU
		{D9D65001-BD40-4E02-AE15-7F152EB831EF}.Release|Any CPU.Deploy.0 = Release|Any CPU
		{4C61197F-C29D-4888-B3CE-791157D531EE}.Debug|Any CPU.ActiveCfg = Debug|Any CPU
		{4C61197F-C29D-4888-B3CE-791157D531EE}.Debug|Any CPU.Build.0 = Debug|Any CPU
		{4C61197F-C29D-4888-B3CE-791157D531EE}.Debug|Any CPU.Deploy.0 = Debug|Any CPU
		{4C61197F-C29D-4888-B3CE-791157D531EE}.Release|Any CPU.ActiveCfg = Release|Any CPU
		{4C61197F-C29D-4888-B3CE-791157D531EE}.Release|Any CPU.Build.0 = Release|Any CPU
		{4C61197F-C29D-4888-B3CE-791157D531EE}.Release|Any CPU.Deploy.0 = Release|Any CPU
	EndGlobalSection
	GlobalSection(SolutionProperties) = preSolution
		HideSolutionNode = FALSE
	EndGlobalSection
	GlobalSection(ExtensibilityGlobals) = postSolution
		SolutionGuid = {4C8DEC12-BE8B-4336-B2A5-757C98807754}
	EndGlobalSection
EndGlobal
